
Microsoft Visual Studio Solution File, Format Version 12.00
# Visual Studio Version 16
VisualStudioVersion = 16.0.29728.190
MinimumVisualStudioVersion = 10.0.40219.1
Project("{FAE04EC0-301F-11D3-BF4B-00C04F79EFBC}") = "apisam.entities", "apisam.entities\apisam.entities.csproj", "{F2D3247D-54C4-4EA7-AFC4-694193DDD0F5}"
EndProject
Project("{FAE04EC0-301F-11D3-BF4B-00C04F79EFBC}") = "apisam.interfaces", "apisam.interfaces\apisam.interfaces.csproj", "{3CB8272A-5B20-4B14-B68D-6E2AF70969ED}"
EndProject
Project("{FAE04EC0-301F-11D3-BF4B-00C04F79EFBC}") = "apisam.web", "apisam.web\apisam.web.csproj", "{F213DE8E-8952-46CF-A025-8FF9CF28414F}"
EndProject
Global
	GlobalSection(SolutionConfigurationPlatforms) = preSolution
		Debug|Any CPU = Debug|Any CPU
		Release|Any CPU = Release|Any CPU
	EndGlobalSection
	GlobalSection(ProjectConfigurationPlatforms) = postSolution
		{F2D3247D-54C4-4EA7-AFC4-694193DDD0F5}.Debug|Any CPU.ActiveCfg = Debug|Any CPU
		{F2D3247D-54C4-4EA7-AFC4-694193DDD0F5}.Debug|Any CPU.Build.0 = Debug|Any CPU
		{F2D3247D-54C4-4EA7-AFC4-694193DDD0F5}.Release|Any CPU.ActiveCfg = Release|Any CPU
		{F2D3247D-54C4-4EA7-AFC4-694193DDD0F5}.Release|Any CPU.Build.0 = Release|Any CPU
		{3CB8272A-5B20-4B14-B68D-6E2AF70969ED}.Debug|Any CPU.ActiveCfg = Debug|Any CPU
		{3CB8272A-5B20-4B14-B68D-6E2AF70969ED}.Debug|Any CPU.Build.0 = Debug|Any CPU
		{3CB8272A-5B20-4B14-B68D-6E2AF70969ED}.Release|Any CPU.ActiveCfg = Release|Any CPU
		{3CB8272A-5B20-4B14-B68D-6E2AF70969ED}.Release|Any CPU.Build.0 = Release|Any CPU
		{F213DE8E-8952-46CF-A025-8FF9CF28414F}.Debug|Any CPU.ActiveCfg = Debug|Any CPU
		{F213DE8E-8952-46CF-A025-8FF9CF28414F}.Debug|Any CPU.Build.0 = Debug|Any CPU
		{F213DE8E-8952-46CF-A025-8FF9CF28414F}.Release|Any CPU.ActiveCfg = Release|Any CPU
		{F213DE8E-8952-46CF-A025-8FF9CF28414F}.Release|Any CPU.Build.0 = Release|Any CPU
	EndGlobalSection
	GlobalSection(SolutionProperties) = preSolution
		HideSolutionNode = FALSE
	EndGlobalSection
	GlobalSection(ExtensibilityGlobals) = postSolution
		SolutionGuid = {F5E4F460-212A-46D5-8608-F70F6F6760B5}
	EndGlobalSection
EndGlobal
